
Microsoft Visual Studio Solution File, Format Version 10.00
# Visual Studio 2008
Project("{FAE04EC0-301F-11D3-BF4B-00C04F79EFBC}") = "AudioEnginev1", "AudioEnginev1\AudioEnginev1.csproj", "{CA8A0332-E00B-40C1-B344-7C09F9FBBD47}"
EndProject
Global
	GlobalSection(SolutionConfigurationPlatforms) = preSolution
		Debug|x86 = Debug|x86
		Release|x86 = Release|x86
	EndGlobalSection
	GlobalSection(ProjectConfigurationPlatforms) = postSolution
		{CA8A0332-E00B-40C1-B344-7C09F9FBBD47}.Debug|x86.ActiveCfg = Debug|x86
		{CA8A0332-E00B-40C1-B344-7C09F9FBBD47}.Debug|x86.Build.0 = Debug|x86
		{CA8A0332-E00B-40C1-B344-7C09F9FBBD47}.Release|x86.ActiveCfg = Release|x86
		{CA8A0332-E00B-40C1-B344-7C09F9FBBD47}.Release|x86.Build.0 = Release|x86
		{9DDE0505-DCF5-438A-8CB1-79E42B63D177}.Debug|x86.ActiveCfg = Debug|x86
		{9DDE0505-DCF5-438A-8CB1-79E42B63D177}.Release|x86.ActiveCfg = Release|x86
	EndGlobalSection
	GlobalSection(SolutionProperties) = preSolution
		HideSolutionNode = FALSE
	EndGlobalSection
EndGlobal
